
Microsoft Visual Studio Solution File, Format Version 12.00
# Visual Studio Version 17
VisualStudioVersion = 17.5.33627.172
MinimumVisualStudioVersion = 10.0.40219.1
Project("{FAE04EC0-301F-11D3-BF4B-00C04F79EFBC}") = "EnsureArg6", "EnsureArg6\EnsureArg6.csproj", "{3471F699-876E-4DD6-BC66-6A4323C43C27}"
EndProject
Project("{FAE04EC0-301F-11D3-BF4B-00C04F79EFBC}") = "EnsureArg6.Tests", "EnsureArg6.Tests\EnsureArg6.Tests.csproj", "{FA4B1BD3-18BE-44DA-9619-CC109A137FBA}"
EndProject
Global
	GlobalSection(SolutionConfigurationPlatforms) = preSolution
		Debug|Any CPU = Debug|Any CPU
		Release|Any CPU = Release|Any CPU
	EndGlobalSection
	GlobalSection(ProjectConfigurationPlatforms) = postSolution
		{3471F699-876E-4DD6-BC66-6A4323C43C27}.Debug|Any CPU.ActiveCfg = Debug|Any CPU
		{3471F699-876E-4DD6-BC66-6A4323C43C27}.Debug|Any CPU.Build.0 = Debug|Any CPU
		{3471F699-876E-4DD6-BC66-6A4323C43C27}.Release|Any CPU.ActiveCfg = Release|Any CPU
		{3471F699-876E-4DD6-BC66-6A4323C43C27}.Release|Any CPU.Build.0 = Release|Any CPU
		{FA4B1BD3-18BE-44DA-9619-CC109A137FBA}.Debug|Any CPU.ActiveCfg = Debug|Any CPU
		{FA4B1BD3-18BE-44DA-9619-CC109A137FBA}.Debug|Any CPU.Build.0 = Debug|Any CPU
		{FA4B1BD3-18BE-44DA-9619-CC109A137FBA}.Release|Any CPU.ActiveCfg = Release|Any CPU
		{FA4B1BD3-18BE-44DA-9619-CC109A137FBA}.Release|Any CPU.Build.0 = Release|Any CPU
	EndGlobalSection
	GlobalSection(SolutionProperties) = preSolution
		HideSolutionNode = FALSE
	EndGlobalSection
	GlobalSection(ExtensibilityGlobals) = postSolution
		SolutionGuid = {6C573D64-474A-4AFB-AB0E-BC6F73C78649}
	EndGlobalSection
EndGlobal
